// !$*UTF8*$!
{
	archiveVersion = 1;
	classes = {
	};
	objectVersion = 46;
	objects = {
/* Begin PBXBuildFile section */
		1D3623260D0F684500981E51 /* AppDelegate.m in Sources */ = {isa = PBXBuildFile; fileRef = 1D3623250D0F684500981E51 /* AppDelegate.m */; };
		1D60589B0D05DD56006BFB54 /* main.m in Sources */ = {isa = PBXBuildFile; fileRef = 29B97316FDCFA39411CA2CEA /* main.m */; };
		288765FD0DF74451002DB57D /* CoreGraphics.framework in Frameworks */ = {isa = PBXBuildFile; fileRef = 288765FC0DF74451002DB57D /* CoreGraphics.framework */; };
		301BF552109A68D80062928A /* libCordova.a in Frameworks */ = {isa = PBXBuildFile; fileRef = 301BF535109A57CC0062928A /* libCordova.a */; };
		302D95F114D2391D003F00A1 /* MainViewController.m in Sources */ = {isa = PBXBuildFile; fileRef = 302D95EF14D2391D003F00A1 /* MainViewController.m */; };
		302D95F214D2391D003F00A1 /* MainViewController.xib in Resources */ = {isa = PBXBuildFile; fileRef = 302D95F014D2391D003F00A1 /* MainViewController.xib */; };
		305D5FD1115AB8F900A74A75 /* MobileCoreServices.framework in Frameworks */ = {isa = PBXBuildFile; fileRef = 305D5FD0115AB8F900A74A75 /* MobileCoreServices.framework */; };
		3088BBBD154F3926009F9C59 /* Default-Landscape@2x~ipad.png in Resources */ = {isa = PBXBuildFile; fileRef = 3088BBB7154F3926009F9C59 /* Default-Landscape@2x~ipad.png */; };
		3088BBBE154F3926009F9C59 /* Default-Landscape~ipad.png in Resources */ = {isa = PBXBuildFile; fileRef = 3088BBB8154F3926009F9C59 /* Default-Landscape~ipad.png */; };
		3088BBBF154F3926009F9C59 /* Default-Portrait@2x~ipad.png in Resources */ = {isa = PBXBuildFile; fileRef = 3088BBB9154F3926009F9C59 /* Default-Portrait@2x~ipad.png */; };
		3088BBC0154F3926009F9C59 /* Default-Portrait~ipad.png in Resources */ = {isa = PBXBuildFile; fileRef = 3088BBBA154F3926009F9C59 /* Default-Portrait~ipad.png */; };
		3088BBC1154F3926009F9C59 /* Default@2x~iphone.png in Resources */ = {isa = PBXBuildFile; fileRef = 3088BBBB154F3926009F9C59 /* Default@2x~iphone.png */; };
		3088BBC2154F3926009F9C59 /* Default~iphone.png in Resources */ = {isa = PBXBuildFile; fileRef = 3088BBBC154F3926009F9C59 /* Default~iphone.png */; };
		308D05371370CCF300D202BF /* icon-72.png in Resources */ = {isa = PBXBuildFile; fileRef = 308D052E1370CCF300D202BF /* icon-72.png */; };
		308D05381370CCF300D202BF /* icon.png in Resources */ = {isa = PBXBuildFile; fileRef = 308D052F1370CCF300D202BF /* icon.png */; };
		308D05391370CCF300D202BF /* icon@2x.png in Resources */ = {isa = PBXBuildFile; fileRef = 308D05301370CCF300D202BF /* icon@2x.png */; };
		30B4F30019D5E07200D9F7D8 /* Default-667h.png in Resources */ = {isa = PBXBuildFile; fileRef = 30B4F2FD19D5E07200D9F7D8 /* Default-667h.png */; };
		30B4F30119D5E07200D9F7D8 /* Default-736h.png in Resources */ = {isa = PBXBuildFile; fileRef = 30B4F2FE19D5E07200D9F7D8 /* Default-736h.png */; };
		30B4F30219D5E07200D9F7D8 /* Default-Landscape-736h.png in Resources */ = {isa = PBXBuildFile; fileRef = 30B4F2FF19D5E07200D9F7D8 /* Default-Landscape-736h.png */; };
		30C1856619D5FC0A00212699 /* icon-60@3x.png in Resources */ = {isa = PBXBuildFile; fileRef = 30C1856519D5FC0A00212699 /* icon-60@3x.png */; };
		30FC414916E50CA1004E6F35 /* icon-72@2x.png in Resources */ = {isa = PBXBuildFile; fileRef = 30FC414816E50CA1004E6F35 /* icon-72@2x.png */; };
		5B1594DD16A7569C00FEF299 /* AssetsLibrary.framework in Frameworks */ = {isa = PBXBuildFile; fileRef = 5B1594DC16A7569C00FEF299 /* AssetsLibrary.framework */; };
		7E7966DE1810823500FA85AD /* icon-40.png in Resources */ = {isa = PBXBuildFile; fileRef = 7E7966D41810823500FA85AD /* icon-40.png */; };
		7E7966DF1810823500FA85AD /* icon-40@2x.png in Resources */ = {isa = PBXBuildFile; fileRef = 7E7966D51810823500FA85AD /* icon-40@2x.png */; };
		7E7966E01810823500FA85AD /* icon-50.png in Resources */ = {isa = PBXBuildFile; fileRef = 7E7966D61810823500FA85AD /* icon-50.png */; };
		7E7966E11810823500FA85AD /* icon-50@2x.png in Resources */ = {isa = PBXBuildFile; fileRef = 7E7966D71810823500FA85AD /* icon-50@2x.png */; };
		7E7966E21810823500FA85AD /* icon-60.png in Resources */ = {isa = PBXBuildFile; fileRef = 7E7966D81810823500FA85AD /* icon-60.png */; };
		7E7966E31810823500FA85AD /* icon-60@2x.png in Resources */ = {isa = PBXBuildFile; fileRef = 7E7966D91810823500FA85AD /* icon-60@2x.png */; };
		7E7966E41810823500FA85AD /* icon-76.png in Resources */ = {isa = PBXBuildFile; fileRef = 7E7966DA1810823500FA85AD /* icon-76.png */; };
		7E7966E51810823500FA85AD /* icon-76@2x.png in Resources */ = {isa = PBXBuildFile; fileRef = 7E7966DB1810823500FA85AD /* icon-76@2x.png */; };
		7E7966E61810823500FA85AD /* icon-small.png in Resources */ = {isa = PBXBuildFile; fileRef = 7E7966DC1810823500FA85AD /* icon-small.png */; };
		7E7966E71810823500FA85AD /* icon-small@2x.png in Resources */ = {isa = PBXBuildFile; fileRef = 7E7966DD1810823500FA85AD /* icon-small@2x.png */; };
		D4A0D8761607E02300AEF8BB /* Default-568h@2x~iphone.png in Resources */ = {isa = PBXBuildFile; fileRef = D4A0D8751607E02300AEF8BB /* Default-568h@2x~iphone.png */; };
		C62DC9DD78F2456DB0C6E298 /* CDVLocation.m in Sources */ = {isa = PBXBuildFile; fileRef = A1A98D515BB14D96B16B2164 /* CDVLocation.m */; };
		A9F03FF2059F46C3882DF05C /* CoreLocation.framework in Frameworks */ = {isa = PBXBuildFile; fileRef = 6E4B2756E25D4FD69B79C823 /* CoreLocation.framework */; };
		0862D694BB7341C7A94AA9A3 /* CDVLogger.m in Sources */ = {isa = PBXBuildFile; fileRef = 63A4CB9E98684304AFFEE423 /* CDVLogger.m */; };
		45D0964F6CCE4B6DB3FD81E3 /* CDVDevice.m in Sources */ = {isa = PBXBuildFile; fileRef = 6CB829BA8A1945C795EDDCE7 /* CDVDevice.m */; };
		E1B3964ADF5D44F3932AF352 /* CDVNotification.m in Sources */ = {isa = PBXBuildFile; fileRef = EFBCEB71DDE7410CB9A4CD9E /* CDVNotification.m */; };
		259C7D2AB1EB48CBABC991BA /* CDVNotification.bundle in Resources */ = {isa = PBXBuildFile; fileRef = B69CD7F0A8C74982A4BF2F5A /* CDVNotification.bundle */; };
		936FC6FDBD7B41208B2E658A /* AudioToolbox.framework in Frameworks */ = {isa = PBXBuildFile; fileRef = EEF91EC463234B07B620BF74 /* AudioToolbox.framework */; settings = {ATTRIBUTES = (Weak, ); }; };
		3D34C601F3644DD79E6079FE /* CDVGlobalization.m in Sources */ = {isa = PBXBuildFile; fileRef = 169CB1A662624CD8813F7BB1 /* CDVGlobalization.m */; };
		44ECC063E6DA46EEA010D7EE /* CDVPluginExt.m in Sources */ = {isa = PBXBuildFile; fileRef = 9081410B8C14430E8CFA1517 /* CDVPluginExt.m */; };
		F113293774384F40989E94F3 /* libCordovaGenericAd.a in Frameworks */ = {isa = PBXBuildFile; fileRef = 583E57783C7446BCB56754E3 /* libCordovaGenericAd.a */; };
		B9C9F33E6A17422FACE12E49 /* CFNetwork.framework in Frameworks */ = {isa = PBXBuildFile; fileRef = E9B129BFE1CB4AF79C9BC9E5 /* CFNetwork.framework */; };
		9CE0061209824321A2C1100E /* SOSPicker.m in Sources */ = {isa = PBXBuildFile; fileRef = 7FBB821DCF7C4C259597F278 /* SOSPicker.m */; };
		1CBAAC11FD394205BC4EF20D /* ELCAlbumPickerController.m in Sources */ = {isa = PBXBuildFile; fileRef = 35B9252C992D4C6E9515EDD1 /* ELCAlbumPickerController.m */; };
		F7C346548EC341679B78064A /* ELCAsset.m in Sources */ = {isa = PBXBuildFile; fileRef = 2D3B4D5186414066B95AD960 /* ELCAsset.m */; };
		5FD5B25B04104CB689B03446 /* ELCAssetCell.m in Sources */ = {isa = PBXBuildFile; fileRef = B1DB73BC6179439EAF3DBFBE /* ELCAssetCell.m */; };
		DBE2C4D8F8E74DBAA9918649 /* ELCAssetTablePicker.m in Sources */ = {isa = PBXBuildFile; fileRef = BAEAA189F4ED4968A0AB4689 /* ELCAssetTablePicker.m */; };
		59D1BFCF781647C18238CD87 /* ELCImagePickerController.m in Sources */ = {isa = PBXBuildFile; fileRef = CDD46F2A11354F20A745C8F6 /* ELCImagePickerController.m */; };
		85D2728609114E4F8CE3984C /* ELCAlbumPickerController.xib in Resources */ = {isa = PBXBuildFile; fileRef = 7843B42ADC0146968E203141 /* ELCAlbumPickerController.xib */; };
		D3E19B31F6E44435B9E0402A /* ELCAssetPicker.xib in Resources */ = {isa = PBXBuildFile; fileRef = 3BB957F6B423475F9300BB16 /* ELCAssetPicker.xib */; };
		49476D6A4C45495E9C2D65EC /* ELCAssetTablePicker.xib in Resources */ = {isa = PBXBuildFile; fileRef = 4E77F4665C3A4471846248E2 /* ELCAssetTablePicker.xib */; };
		2EB3D3A141224A0AB4E2D0A6 /* Overlay.png in Resources */ = {isa = PBXBuildFile; fileRef = 7689D183CFEA4727A3F45104 /* Overlay.png */; };
		41290E7A87C847CAB79C857C /* Overlay@2x.png in Resources */ = {isa = PBXBuildFile; fileRef = 227E6C6A7E5D4603A07CA454 /* Overlay@2x.png */; };
		F4A5799D3D01448A8E70F817 /* CDVInAppBrowser.m in Sources */ = {isa = PBXBuildFile; fileRef = 812F659C7B854BF3A1196C77 /* CDVInAppBrowser.m */; };
		54962C9B3C5E4F9EA2442415 /* iAdPlugin.m in Sources */ = {isa = PBXBuildFile; fileRef = 75FA4294BFDB4046B767EBD8 /* iAdPlugin.m */; };
		A6ABD5423C734CE7A8B3493C /* iAd.framework in Frameworks */ = {isa = PBXBuildFile; fileRef = 27C8E743B6F04513ACCC3E32 /* iAd.framework */; settings = {ATTRIBUTES = (Weak, ); }; };
		B0984CE9A9E3430295B1C265 /* CDVAdMobPlugin.m in Sources */ = {isa = PBXBuildFile; fileRef = 320FF1E959A84DDA8FFEFB29 /* CDVAdMobPlugin.m */; };
		DD08F14DE4B747F5A9ED34A6 /* AdMobMediation.m in Sources */ = {isa = PBXBuildFile; fileRef = 7AC9804804EC434EA7422A6E /* AdMobMediation.m */; };
		0732E51A03FC4DB7B076E9EA /* GoogleMobileAds.framework in Frameworks */ = {isa = PBXBuildFile; fileRef = 8824701D09B8421D93F4EE38 /* GoogleMobileAds.framework */; };
		DAD8DF9C38924797B21E088A /* AdSupport.framework in Frameworks */ = {isa = PBXBuildFile; fileRef = AE11DC8EF64D41BC98BCB96B /* AdSupport.framework */; };
		6C02EE1D9AA741AF804F9E69 /* AVFoundation.framework in Frameworks */ = {isa = PBXBuildFile; fileRef = 75C2A0FA04994843A62CC3E5 /* AVFoundation.framework */; };
		EA7C7437A78A4B81A40DCAE9 /* CoreBluetooth.framework in Frameworks */ = {isa = PBXBuildFile; fileRef = 280E0897DBC247A2997DE46D /* CoreBluetooth.framework */; };
		276FAEAB13414367BF1F7864 /* CoreTelephony.framework in Frameworks */ = {isa = PBXBuildFile; fileRef = 4ACC3BCE0CF24AE6939AAE1C /* CoreTelephony.framework */; };
		8DBD790336204152ABDBF341 /* EventKit.framework in Frameworks */ = {isa = PBXBuildFile; fileRef = 6B5396DBD903412997BE2C4E /* EventKit.framework */; };
		AEB668D703CF409BAA57A143 /* EventKitUI.framework in Frameworks */ = {isa = PBXBuildFile; fileRef = A6681EF75F474DAE8846F78C /* EventKitUI.framework */; };
		B155630F1D364B8BB23EE02C /* Foundation.framework in Frameworks */ = {isa = PBXBuildFile; fileRef = 9AB3638B7DC547569EB819A6 /* Foundation.framework */; };
		C988C02448104AF1989D181A /* MediaPlayer.framework in Frameworks */ = {isa = PBXBuildFile; fileRef = 777BE28DC93B4F948BA9754F /* MediaPlayer.framework */; };
		E5B9FE7680A5478F8377A825 /* MessageUI.framework in Frameworks */ = {isa = PBXBuildFile; fileRef = 4826351BB4634CB18748A60E /* MessageUI.framework */; };
		872D46F43F264D858ACA3B67 /* QuartzCore.framework in Frameworks */ = {isa = PBXBuildFile; fileRef = 4D1CA32F2581407AB3E06AED /* QuartzCore.framework */; };
		92A0DD4B2DB749389D44C8FF /* SafariServices.framework in Frameworks */ = {isa = PBXBuildFile; fileRef = 4136E6EA86774DF282B5B4FA /* SafariServices.framework */; };
		E0C4D624DFE549F8A4272667 /* StoreKit.framework in Frameworks */ = {isa = PBXBuildFile; fileRef = 022BF8A315A743AEB343FE7B /* StoreKit.framework */; };
		F135753E7B4B47A99A373EE8 /* SystemConfiguration.framework in Frameworks */ = {isa = PBXBuildFile; fileRef = F76B3B52F5AD47CE970543AA /* SystemConfiguration.framework */; };
		D07D947B725844B7B069C761 /* UIKit.framework in Frameworks */ = {isa = PBXBuildFile; fileRef = B9CFBA0564344E69896FBD3E /* UIKit.framework */; };
		7ED31ACCBBE043D983EF1F0E /* APPEmailComposer.m in Sources */ = {isa = PBXBuildFile; fileRef = 3B621EF3EBF54087A79A523E /* APPEmailComposer.m */; };
		10082469EC534FA2A7518FC0 /* APPEmailComposerImpl.m in Sources */ = {isa = PBXBuildFile; fileRef = 957D34445EC94CE597232A4D /* APPEmailComposerImpl.m */; };
		DF58DDD44716427DB6850A5F /* AppDelegate+notification.m in Sources */ = {isa = PBXBuildFile; fileRef = 303B2D4222564647B42B3D1D /* AppDelegate+notification.m */; };
		A3425B879DC34AB1B68DC1CF /* PushPlugin.m in Sources */ = {isa = PBXBuildFile; fileRef = CD4DCB4D45DF44C4B8AE53D0 /* PushPlugin.m */; };
		C9262175B9A9456CA3C81E75 /* IonicKeyboard.m in Sources */ = {isa = PBXBuildFile; fileRef = 1294211A19BA425C87A95D54 /* IonicKeyboard.m */; };
		2721C5D9A70B40879D066E77 /* CDVSplashScreen.m in Sources */ = {isa = PBXBuildFile; fileRef = FB70C8057AAA4DAC8FF726AA /* CDVSplashScreen.m */; };
		9461AD87B86C4D48AD53352B /* CDVViewController+SplashScreen.m in Sources */ = {isa = PBXBuildFile; fileRef = 55FD756808D04382ABD8ECD3 /* CDVViewController+SplashScreen.m */; };
/* End PBXBuildFile section */

/* Begin PBXContainerItemProxy section */
		301BF534109A57CC0062928A /* PBXContainerItemProxy */ = {
			isa = PBXContainerItemProxy;
			containerPortal = 301BF52D109A57CC0062928A /* CordovaLib.xcodeproj */;
			proxyType = 2;
			remoteGlobalIDString = D2AAC07E0554694100DB518D;
			remoteInfo = CordovaLib;
		};
		301BF550109A68C00062928A /* PBXContainerItemProxy */ = {
			isa = PBXContainerItemProxy;
			containerPortal = 301BF52D109A57CC0062928A /* CordovaLib.xcodeproj */;
			proxyType = 1;
			remoteGlobalIDString = D2AAC07D0554694100DB518D;
			remoteInfo = CordovaLib;
		};
/* End PBXContainerItemProxy section */

/* Begin PBXFileReference section */
		1D3623240D0F684500981E51 /* AppDelegate.h */ = {isa = PBXFileReference; fileEncoding = 4; lastKnownFileType = sourcecode.c.h; path = AppDelegate.h; sourceTree = "<group>"; };
		1D3623250D0F684500981E51 /* AppDelegate.m */ = {isa = PBXFileReference; fileEncoding = 4; lastKnownFileType = sourcecode.c.objc; path = AppDelegate.m; sourceTree = "<group>"; };
		1D6058910D05DD3D006BFB54 /* FreePong.app */ = {isa = PBXFileReference; explicitFileType = wrapper.application; includeInIndex = 0; path = "FreePong.app"; sourceTree = BUILT_PRODUCTS_DIR; };
		1F766FDD13BBADB100FB74C0 /* en */ = {isa = PBXFileReference; lastKnownFileType = text.plist.strings; name = en; path = Localizable.strings; sourceTree = "<group>"; };
		1F766FE013BBADB100FB74C0 /* es */ = {isa = PBXFileReference; lastKnownFileType = text.plist.strings; name = es; path = Localizable.strings; sourceTree = "<group>"; };
		288765FC0DF74451002DB57D /* CoreGraphics.framework */ = {isa = PBXFileReference; lastKnownFileType = wrapper.framework; name = CoreGraphics.framework; path = System/Library/Frameworks/CoreGraphics.framework; sourceTree = SDKROOT; };
		29B97316FDCFA39411CA2CEA /* main.m */ = {isa = PBXFileReference; fileEncoding = 4; lastKnownFileType = sourcecode.c.objc; path = main.m; sourceTree = "<group>"; };
		301BF52D109A57CC0062928A /* CordovaLib.xcodeproj */ = {isa = PBXFileReference; lastKnownFileType = "wrapper.pb-project"; name = CordovaLib.xcodeproj; path = CordovaLib/CordovaLib.xcodeproj; sourceTree = "<group>"; };
		301BF56E109A69640062928A /* www */ = {isa = PBXFileReference; lastKnownFileType = folder; path = www; sourceTree = SOURCE_ROOT; };
		302D95EE14D2391D003F00A1 /* MainViewController.h */ = {isa = PBXFileReference; fileEncoding = 4; lastKnownFileType = sourcecode.c.h; path = MainViewController.h; sourceTree = "<group>"; };
		302D95EF14D2391D003F00A1 /* MainViewController.m */ = {isa = PBXFileReference; fileEncoding = 4; lastKnownFileType = sourcecode.c.objc; path = MainViewController.m; sourceTree = "<group>"; };
		302D95F014D2391D003F00A1 /* MainViewController.xib */ = {isa = PBXFileReference; fileEncoding = 4; lastKnownFileType = file.xib; path = MainViewController.xib; sourceTree = "<group>"; };
		305D5FD0115AB8F900A74A75 /* MobileCoreServices.framework */ = {isa = PBXFileReference; lastKnownFileType = wrapper.framework; name = MobileCoreServices.framework; path = System/Library/Frameworks/MobileCoreServices.framework; sourceTree = SDKROOT; };
		3088BBB7154F3926009F9C59 /* Default-Landscape@2x~ipad.png */ = {isa = PBXFileReference; lastKnownFileType = image.png; path = "Default-Landscape@2x~ipad.png"; sourceTree = "<group>"; };
		3088BBB8154F3926009F9C59 /* Default-Landscape~ipad.png */ = {isa = PBXFileReference; lastKnownFileType = image.png; path = "Default-Landscape~ipad.png"; sourceTree = "<group>"; };
		3088BBB9154F3926009F9C59 /* Default-Portrait@2x~ipad.png */ = {isa = PBXFileReference; lastKnownFileType = image.png; path = "Default-Portrait@2x~ipad.png"; sourceTree = "<group>"; };
		3088BBBA154F3926009F9C59 /* Default-Portrait~ipad.png */ = {isa = PBXFileReference; lastKnownFileType = image.png; path = "Default-Portrait~ipad.png"; sourceTree = "<group>"; };
		3088BBBB154F3926009F9C59 /* Default@2x~iphone.png */ = {isa = PBXFileReference; lastKnownFileType = image.png; path = "Default@2x~iphone.png"; sourceTree = "<group>"; };
		3088BBBC154F3926009F9C59 /* Default~iphone.png */ = {isa = PBXFileReference; lastKnownFileType = image.png; path = "Default~iphone.png"; sourceTree = "<group>"; };
		308D052E1370CCF300D202BF /* icon-72.png */ = {isa = PBXFileReference; lastKnownFileType = image.png; path = "icon-72.png"; sourceTree = "<group>"; };
		308D052F1370CCF300D202BF /* icon.png */ = {isa = PBXFileReference; lastKnownFileType = image.png; path = icon.png; sourceTree = "<group>"; };
		308D05301370CCF300D202BF /* icon@2x.png */ = {isa = PBXFileReference; lastKnownFileType = image.png; path = "icon@2x.png"; sourceTree = "<group>"; };
		30B4F2FD19D5E07200D9F7D8 /* Default-667h.png */ = {isa = PBXFileReference; lastKnownFileType = image.png; path = "Default-667h.png"; sourceTree = "<group>"; };
		30B4F2FE19D5E07200D9F7D8 /* Default-736h.png */ = {isa = PBXFileReference; lastKnownFileType = image.png; path = "Default-736h.png"; sourceTree = "<group>"; };
		30B4F2FF19D5E07200D9F7D8 /* Default-Landscape-736h.png */ = {isa = PBXFileReference; lastKnownFileType = image.png; path = "Default-Landscape-736h.png"; sourceTree = "<group>"; };
		30C1856519D5FC0A00212699 /* icon-60@3x.png */ = {isa = PBXFileReference; lastKnownFileType = image.png; path = "icon-60@3x.png"; sourceTree = "<group>"; };
		30FC414816E50CA1004E6F35 /* icon-72@2x.png */ = {isa = PBXFileReference; lastKnownFileType = image.png; path = "icon-72@2x.png"; sourceTree = "<group>"; };
		32CA4F630368D1EE00C91783 /* FreePong-Prefix.pch */ = {isa = PBXFileReference; fileEncoding = 4; lastKnownFileType = sourcecode.c.h; path = "FreePong-Prefix.pch"; sourceTree = "<group>"; };
		5B1594DC16A7569C00FEF299 /* AssetsLibrary.framework */ = {isa = PBXFileReference; lastKnownFileType = wrapper.framework; name = AssetsLibrary.framework; path = System/Library/Frameworks/AssetsLibrary.framework; sourceTree = SDKROOT; };
		7E7966D41810823500FA85AD /* icon-40.png */ = {isa = PBXFileReference; lastKnownFileType = image.png; path = "icon-40.png"; sourceTree = "<group>"; };
		7E7966D51810823500FA85AD /* icon-40@2x.png */ = {isa = PBXFileReference; lastKnownFileType = image.png; path = "icon-40@2x.png"; sourceTree = "<group>"; };
		7E7966D61810823500FA85AD /* icon-50.png */ = {isa = PBXFileReference; lastKnownFileType = image.png; path = "icon-50.png"; sourceTree = "<group>"; };
		7E7966D71810823500FA85AD /* icon-50@2x.png */ = {isa = PBXFileReference; lastKnownFileType = image.png; path = "icon-50@2x.png"; sourceTree = "<group>"; };
		7E7966D81810823500FA85AD /* icon-60.png */ = {isa = PBXFileReference; lastKnownFileType = image.png; path = "icon-60.png"; sourceTree = "<group>"; };
		7E7966D91810823500FA85AD /* icon-60@2x.png */ = {isa = PBXFileReference; lastKnownFileType = image.png; path = "icon-60@2x.png"; sourceTree = "<group>"; };
		7E7966DA1810823500FA85AD /* icon-76.png */ = {isa = PBXFileReference; lastKnownFileType = image.png; path = "icon-76.png"; sourceTree = "<group>"; };
		7E7966DB1810823500FA85AD /* icon-76@2x.png */ = {isa = PBXFileReference; lastKnownFileType = image.png; path = "icon-76@2x.png"; sourceTree = "<group>"; };
		7E7966DC1810823500FA85AD /* icon-small.png */ = {isa = PBXFileReference; lastKnownFileType = image.png; path = "icon-small.png"; sourceTree = "<group>"; };
		7E7966DD1810823500FA85AD /* icon-small@2x.png */ = {isa = PBXFileReference; lastKnownFileType = image.png; path = "icon-small@2x.png"; sourceTree = "<group>"; };
		8D1107310486CEB800E47090 /* FreePong-Info.plist */ = {isa = PBXFileReference; fileEncoding = 4; lastKnownFileType = text.plist.xml; name = "FreePong-Info.plist"; path = "../FreePong-Info.plist"; plistStructureDefinitionIdentifier = "com.apple.xcode.plist.structure-definition.iphone.info-plist"; sourceTree = "<group>"; };
		D4A0D8751607E02300AEF8BB /* Default-568h@2x~iphone.png */ = {isa = PBXFileReference; lastKnownFileType = image.png; path = "Default-568h@2x~iphone.png"; sourceTree = "<group>"; };
		EB87FDF21871DA7A0020F90C /* merges */ = {isa = PBXFileReference; lastKnownFileType = folder; name = merges; path = ../../merges; sourceTree = "<group>"; };
		EB87FDF31871DA8E0020F90C /* www */ = {isa = PBXFileReference; lastKnownFileType = folder; name = www; path = ../../www; sourceTree = "<group>"; };
		EB87FDF41871DAF40020F90C /* config.xml */ = {isa = PBXFileReference; lastKnownFileType = text.xml; name = config.xml; path = ../../config.xml; sourceTree = "<group>"; };
		F840E1F0165FE0F500CFE078 /* config.xml */ = {isa = PBXFileReference; lastKnownFileType = text.xml; name = config.xml; path = "FreePong/config.xml"; sourceTree = "<group>"; };
		A1A98D515BB14D96B16B2164 /* CDVLocation.m */ = {isa = PBXFileReference; lastKnownFileType = sourcecode.c.objc; name = "CDVLocation.m"; path = "cordova-plugin-geolocation/CDVLocation.m"; sourceTree = "<group>"; fileEncoding = 4; };
		30B5611195AA4E7E80533446 /* CDVLocation.h */ = {isa = PBXFileReference; lastKnownFileType = sourcecode.c.h; name = "CDVLocation.h"; path = "cordova-plugin-geolocation/CDVLocation.h"; sourceTree = "<group>"; fileEncoding = 4; };
		6E4B2756E25D4FD69B79C823 /* CoreLocation.framework */ = {isa = PBXFileReference; lastKnownFileType = wrapper.framework; name = "CoreLocation.framework"; path = "System/Library/Frameworks/CoreLocation.framework"; sourceTree = SDKROOT; fileEncoding = 4; };
		63A4CB9E98684304AFFEE423 /* CDVLogger.m */ = {isa = PBXFileReference; lastKnownFileType = sourcecode.c.objc; name = "CDVLogger.m"; path = "cordova-plugin-console/CDVLogger.m"; sourceTree = "<group>"; fileEncoding = 4; };
		81E25898B6414AE39517B9BC /* CDVLogger.h */ = {isa = PBXFileReference; lastKnownFileType = sourcecode.c.h; name = "CDVLogger.h"; path = "cordova-plugin-console/CDVLogger.h"; sourceTree = "<group>"; fileEncoding = 4; };
		6CB829BA8A1945C795EDDCE7 /* CDVDevice.m */ = {isa = PBXFileReference; lastKnownFileType = sourcecode.c.objc; name = "CDVDevice.m"; path = "cordova-plugin-device/CDVDevice.m"; sourceTree = "<group>"; fileEncoding = 4; };
		9AA0FFF0EE184FD1BA08B669 /* CDVDevice.h */ = {isa = PBXFileReference; lastKnownFileType = sourcecode.c.h; name = "CDVDevice.h"; path = "cordova-plugin-device/CDVDevice.h"; sourceTree = "<group>"; fileEncoding = 4; };
		EFBCEB71DDE7410CB9A4CD9E /* CDVNotification.m */ = {isa = PBXFileReference; lastKnownFileType = sourcecode.c.objc; name = "CDVNotification.m"; path = "cordova-plugin-dialogs/CDVNotification.m"; sourceTree = "<group>"; fileEncoding = 4; };
		3118A8D011974ABC96EC1DA4 /* CDVNotification.h */ = {isa = PBXFileReference; lastKnownFileType = sourcecode.c.h; name = "CDVNotification.h"; path = "cordova-plugin-dialogs/CDVNotification.h"; sourceTree = "<group>"; fileEncoding = 4; };
		B69CD7F0A8C74982A4BF2F5A /* CDVNotification.bundle */ = {isa = PBXFileReference; lastKnownFileType = "wrapper.plug-in"; name = "CDVNotification.bundle"; path = "CDVNotification.bundle"; sourceTree = "<group>"; };
		EEF91EC463234B07B620BF74 /* AudioToolbox.framework */ = {isa = PBXFileReference; lastKnownFileType = wrapper.framework; name = "AudioToolbox.framework"; path = "System/Library/Frameworks/AudioToolbox.framework"; sourceTree = SDKROOT; fileEncoding = 4; };
		169CB1A662624CD8813F7BB1 /* CDVGlobalization.m */ = {isa = PBXFileReference; lastKnownFileType = sourcecode.c.objc; name = "CDVGlobalization.m"; path = "cordova-plugin-globalization/CDVGlobalization.m"; sourceTree = "<group>"; fileEncoding = 4; };
		A68ED56DDDBC4FD8B24FBF72 /* CDVGlobalization.h */ = {isa = PBXFileReference; lastKnownFileType = sourcecode.c.h; name = "CDVGlobalization.h"; path = "cordova-plugin-globalization/CDVGlobalization.h"; sourceTree = "<group>"; fileEncoding = 4; };
		9081410B8C14430E8CFA1517 /* CDVPluginExt.m */ = {isa = PBXFileReference; lastKnownFileType = sourcecode.c.objc; name = "CDVPluginExt.m"; path = "cordova-plugin-extension/CDVPluginExt.m"; sourceTree = "<group>"; fileEncoding = 4; };
		583E57783C7446BCB56754E3 /* libCordovaGenericAd.a */ = {isa = PBXFileReference; lastKnownFileType = archive.ar; name = "libCordovaGenericAd.a"; path = "FreePong/Plugins/cordova-plugin-extension/libCordovaGenericAd.a"; sourceTree = "<group>"; fileEncoding = 4; };
		73618C3970EA492D9182A928 /* PluginAdapterDelegate.h */ = {isa = PBXFileReference; lastKnownFileType = sourcecode.c.h; name = "PluginAdapterDelegate.h"; path = "cordova-plugin-extension/PluginAdapterDelegate.h"; sourceTree = "<group>"; fileEncoding = 4; };
		B1A012EE04904C809832234A /* CDVPluginExt.h */ = {isa = PBXFileReference; lastKnownFileType = sourcecode.c.h; name = "CDVPluginExt.h"; path = "cordova-plugin-extension/CDVPluginExt.h"; sourceTree = "<group>"; fileEncoding = 4; };
		7FD090C7CEF449FCAEE9CF4E /* GenericAdPlugin.h */ = {isa = PBXFileReference; lastKnownFileType = sourcecode.c.h; name = "GenericAdPlugin.h"; path = "cordova-plugin-extension/GenericAdPlugin.h"; sourceTree = "<group>"; fileEncoding = 4; };
		E9B129BFE1CB4AF79C9BC9E5 /* CFNetwork.framework */ = {isa = PBXFileReference; lastKnownFileType = wrapper.framework; name = "CFNetwork.framework"; path = "System/Library/Frameworks/CFNetwork.framework"; sourceTree = SDKROOT; fileEncoding = 4; };
		7FBB821DCF7C4C259597F278 /* SOSPicker.m */ = {isa = PBXFileReference; lastKnownFileType = sourcecode.c.objc; name = "SOSPicker.m"; path = "com.synconset.imagepicker/SOSPicker.m"; sourceTree = "<group>"; fileEncoding = 4; };
		35B9252C992D4C6E9515EDD1 /* ELCAlbumPickerController.m */ = {isa = PBXFileReference; lastKnownFileType = sourcecode.c.objc; name = "ELCAlbumPickerController.m"; path = "com.synconset.imagepicker/ELCAlbumPickerController.m"; sourceTree = "<group>"; fileEncoding = 4; };
		2D3B4D5186414066B95AD960 /* ELCAsset.m */ = {isa = PBXFileReference; lastKnownFileType = sourcecode.c.objc; name = "ELCAsset.m"; path = "com.synconset.imagepicker/ELCAsset.m"; sourceTree = "<group>"; fileEncoding = 4; };
		B1DB73BC6179439EAF3DBFBE /* ELCAssetCell.m */ = {isa = PBXFileReference; lastKnownFileType = sourcecode.c.objc; name = "ELCAssetCell.m"; path = "com.synconset.imagepicker/ELCAssetCell.m"; sourceTree = "<group>"; fileEncoding = 4; };
		BAEAA189F4ED4968A0AB4689 /* ELCAssetTablePicker.m */ = {isa = PBXFileReference; lastKnownFileType = sourcecode.c.objc; name = "ELCAssetTablePicker.m"; path = "com.synconset.imagepicker/ELCAssetTablePicker.m"; sourceTree = "<group>"; fileEncoding = 4; };
		CDD46F2A11354F20A745C8F6 /* ELCImagePickerController.m */ = {isa = PBXFileReference; lastKnownFileType = sourcecode.c.objc; name = "ELCImagePickerController.m"; path = "com.synconset.imagepicker/ELCImagePickerController.m"; sourceTree = "<group>"; fileEncoding = 4; };
		2EBBD9A18A0848B08D73F3D5 /* SOSPicker.h */ = {isa = PBXFileReference; lastKnownFileType = sourcecode.c.h; name = "SOSPicker.h"; path = "com.synconset.imagepicker/SOSPicker.h"; sourceTree = "<group>"; fileEncoding = 4; };
		25C2E8642A9441E49F785BFE /* ELCAlbumPickerController.h */ = {isa = PBXFileReference; lastKnownFileType = sourcecode.c.h; name = "ELCAlbumPickerController.h"; path = "com.synconset.imagepicker/ELCAlbumPickerController.h"; sourceTree = "<group>"; fileEncoding = 4; };
		9CE547E75F094FFEB47D08A2 /* ELCAsset.h */ = {isa = PBXFileReference; lastKnownFileType = sourcecode.c.h; name = "ELCAsset.h"; path = "com.synconset.imagepicker/ELCAsset.h"; sourceTree = "<group>"; fileEncoding = 4; };
		5B29293F641C4FD5848F93D4 /* ELCAssetCell.h */ = {isa = PBXFileReference; lastKnownFileType = sourcecode.c.h; name = "ELCAssetCell.h"; path = "com.synconset.imagepicker/ELCAssetCell.h"; sourceTree = "<group>"; fileEncoding = 4; };
		135720A45D3E4422B3BA7EE2 /* ELCAssetPickerFilterDelegate.h */ = {isa = PBXFileReference; lastKnownFileType = sourcecode.c.h; name = "ELCAssetPickerFilterDelegate.h"; path = "com.synconset.imagepicker/ELCAssetPickerFilterDelegate.h"; sourceTree = "<group>"; fileEncoding = 4; };
		B21C11B76BD0444F89228614 /* ELCAssetSelectionDelegate.h */ = {isa = PBXFileReference; lastKnownFileType = sourcecode.c.h; name = "ELCAssetSelectionDelegate.h"; path = "com.synconset.imagepicker/ELCAssetSelectionDelegate.h"; sourceTree = "<group>"; fileEncoding = 4; };
		2FB82427359E45CCBB6E66D2 /* ELCAssetTablePicker.h */ = {isa = PBXFileReference; lastKnownFileType = sourcecode.c.h; name = "ELCAssetTablePicker.h"; path = "com.synconset.imagepicker/ELCAssetTablePicker.h"; sourceTree = "<group>"; fileEncoding = 4; };
		CEE45D7EF0CA4E23B8A5BE38 /* ELCImagePickerController.h */ = {isa = PBXFileReference; lastKnownFileType = sourcecode.c.h; name = "ELCImagePickerController.h"; path = "com.synconset.imagepicker/ELCImagePickerController.h"; sourceTree = "<group>"; fileEncoding = 4; };
		7843B42ADC0146968E203141 /* ELCAlbumPickerController.xib */ = {isa = PBXFileReference; lastKnownFileType = file.xib; name = "ELCAlbumPickerController.xib"; path = "ELCAlbumPickerController.xib"; sourceTree = "<group>"; fileEncoding = 4; };
		3BB957F6B423475F9300BB16 /* ELCAssetPicker.xib */ = {isa = PBXFileReference; lastKnownFileType = file.xib; name = "ELCAssetPicker.xib"; path = "ELCAssetPicker.xib"; sourceTree = "<group>"; fileEncoding = 4; };
		4E77F4665C3A4471846248E2 /* ELCAssetTablePicker.xib */ = {isa = PBXFileReference; lastKnownFileType = file.xib; name = "ELCAssetTablePicker.xib"; path = "ELCAssetTablePicker.xib"; sourceTree = "<group>"; fileEncoding = 4; };
		7689D183CFEA4727A3F45104 /* Overlay.png */ = {isa = PBXFileReference; lastKnownFileType = unknown; name = "Overlay.png"; path = "Overlay.png"; sourceTree = "<group>"; fileEncoding = 4; };
		227E6C6A7E5D4603A07CA454 /* Overlay@2x.png */ = {isa = PBXFileReference; lastKnownFileType = unknown; name = "Overlay@2x.png"; path = "Overlay@2x.png"; sourceTree = "<group>"; fileEncoding = 4; };
		812F659C7B854BF3A1196C77 /* CDVInAppBrowser.m */ = {isa = PBXFileReference; lastKnownFileType = sourcecode.c.objc; name = "CDVInAppBrowser.m"; path = "cordova-plugin-inappbrowser/CDVInAppBrowser.m"; sourceTree = "<group>"; fileEncoding = 4; };
		3F6B538E87D844799D591D73 /* CDVInAppBrowser.h */ = {isa = PBXFileReference; lastKnownFileType = sourcecode.c.h; name = "CDVInAppBrowser.h"; path = "cordova-plugin-inappbrowser/CDVInAppBrowser.h"; sourceTree = "<group>"; fileEncoding = 4; };
		75FA4294BFDB4046B767EBD8 /* iAdPlugin.m */ = {isa = PBXFileReference; lastKnownFileType = sourcecode.c.objc; name = "iAdPlugin.m"; path = "cordova-plugin-iad/iAdPlugin.m"; sourceTree = "<group>"; fileEncoding = 4; };
		AFA052F7E30E4634921B1F8E /* iAdPlugin.h */ = {isa = PBXFileReference; lastKnownFileType = sourcecode.c.h; name = "iAdPlugin.h"; path = "cordova-plugin-iad/iAdPlugin.h"; sourceTree = "<group>"; fileEncoding = 4; };
		27C8E743B6F04513ACCC3E32 /* iAd.framework */ = {isa = PBXFileReference; lastKnownFileType = wrapper.framework; name = "iAd.framework"; path = "System/Library/Frameworks/iAd.framework"; sourceTree = SDKROOT; fileEncoding = 4; };
		320FF1E959A84DDA8FFEFB29 /* CDVAdMobPlugin.m */ = {isa = PBXFileReference; lastKnownFileType = sourcecode.c.objc; name = "CDVAdMobPlugin.m"; path = "cordova-plugin-admobpro/CDVAdMobPlugin.m"; sourceTree = "<group>"; fileEncoding = 4; };
		7AC9804804EC434EA7422A6E /* AdMobMediation.m */ = {isa = PBXFileReference; lastKnownFileType = sourcecode.c.objc; name = "AdMobMediation.m"; path = "cordova-plugin-admobpro/AdMobMediation.m"; sourceTree = "<group>"; fileEncoding = 4; };
		7B6BE51346604E29812D776A /* CDVAdMobPlugin.h */ = {isa = PBXFileReference; lastKnownFileType = sourcecode.c.h; name = "CDVAdMobPlugin.h"; path = "cordova-plugin-admobpro/CDVAdMobPlugin.h"; sourceTree = "<group>"; fileEncoding = 4; };
		006D0D262575462EBD7CADC6 /* AdMobMediation.h */ = {isa = PBXFileReference; lastKnownFileType = sourcecode.c.h; name = "AdMobMediation.h"; path = "cordova-plugin-admobpro/AdMobMediation.h"; sourceTree = "<group>"; fileEncoding = 4; };
		8824701D09B8421D93F4EE38 /* GoogleMobileAds.framework */ = {isa = PBXFileReference; lastKnownFileType = wrapper.framework; name = "GoogleMobileAds.framework"; path = "FreePong/Plugins/cordova-plugin-admobpro/GoogleMobileAds.framework"; sourceTree = "<group>"; };
		AE11DC8EF64D41BC98BCB96B /* AdSupport.framework */ = {isa = PBXFileReference; lastKnownFileType = wrapper.framework; name = "AdSupport.framework"; path = "System/Library/Frameworks/AdSupport.framework"; sourceTree = SDKROOT; fileEncoding = 4; };
		75C2A0FA04994843A62CC3E5 /* AVFoundation.framework */ = {isa = PBXFileReference; lastKnownFileType = wrapper.framework; name = "AVFoundation.framework"; path = "System/Library/Frameworks/AVFoundation.framework"; sourceTree = SDKROOT; fileEncoding = 4; };
		280E0897DBC247A2997DE46D /* CoreBluetooth.framework */ = {isa = PBXFileReference; lastKnownFileType = wrapper.framework; name = "CoreBluetooth.framework"; path = "System/Library/Frameworks/CoreBluetooth.framework"; sourceTree = SDKROOT; fileEncoding = 4; };
		4ACC3BCE0CF24AE6939AAE1C /* CoreTelephony.framework */ = {isa = PBXFileReference; lastKnownFileType = wrapper.framework; name = "CoreTelephony.framework"; path = "System/Library/Frameworks/CoreTelephony.framework"; sourceTree = SDKROOT; fileEncoding = 4; };
		6B5396DBD903412997BE2C4E /* EventKit.framework */ = {isa = PBXFileReference; lastKnownFileType = wrapper.framework; name = "EventKit.framework"; path = "System/Library/Frameworks/EventKit.framework"; sourceTree = SDKROOT; fileEncoding = 4; };
		A6681EF75F474DAE8846F78C /* EventKitUI.framework */ = {isa = PBXFileReference; lastKnownFileType = wrapper.framework; name = "EventKitUI.framework"; path = "System/Library/Frameworks/EventKitUI.framework"; sourceTree = SDKROOT; fileEncoding = 4; };
		9AB3638B7DC547569EB819A6 /* Foundation.framework */ = {isa = PBXFileReference; lastKnownFileType = wrapper.framework; name = "Foundation.framework"; path = "System/Library/Frameworks/Foundation.framework"; sourceTree = SDKROOT; fileEncoding = 4; };
		777BE28DC93B4F948BA9754F /* MediaPlayer.framework */ = {isa = PBXFileReference; lastKnownFileType = wrapper.framework; name = "MediaPlayer.framework"; path = "System/Library/Frameworks/MediaPlayer.framework"; sourceTree = SDKROOT; fileEncoding = 4; };
		4826351BB4634CB18748A60E /* MessageUI.framework */ = {isa = PBXFileReference; lastKnownFileType = wrapper.framework; name = "MessageUI.framework"; path = "System/Library/Frameworks/MessageUI.framework"; sourceTree = SDKROOT; fileEncoding = 4; };
		4D1CA32F2581407AB3E06AED /* QuartzCore.framework */ = {isa = PBXFileReference; lastKnownFileType = wrapper.framework; name = "QuartzCore.framework"; path = "System/Library/Frameworks/QuartzCore.framework"; sourceTree = SDKROOT; fileEncoding = 4; };
		4136E6EA86774DF282B5B4FA /* SafariServices.framework */ = {isa = PBXFileReference; lastKnownFileType = wrapper.framework; name = "SafariServices.framework"; path = "System/Library/Frameworks/SafariServices.framework"; sourceTree = SDKROOT; fileEncoding = 4; };
		022BF8A315A743AEB343FE7B /* StoreKit.framework */ = {isa = PBXFileReference; lastKnownFileType = wrapper.framework; name = "StoreKit.framework"; path = "System/Library/Frameworks/StoreKit.framework"; sourceTree = SDKROOT; fileEncoding = 4; };
		F76B3B52F5AD47CE970543AA /* SystemConfiguration.framework */ = {isa = PBXFileReference; lastKnownFileType = wrapper.framework; name = "SystemConfiguration.framework"; path = "System/Library/Frameworks/SystemConfiguration.framework"; sourceTree = SDKROOT; fileEncoding = 4; };
		B9CFBA0564344E69896FBD3E /* UIKit.framework */ = {isa = PBXFileReference; lastKnownFileType = wrapper.framework; name = "UIKit.framework"; path = "System/Library/Frameworks/UIKit.framework"; sourceTree = SDKROOT; fileEncoding = 4; };
		3B621EF3EBF54087A79A523E /* APPEmailComposer.m */ = {isa = PBXFileReference; lastKnownFileType = sourcecode.c.objc; name = "APPEmailComposer.m"; path = "cordova-plugin-email-composer/APPEmailComposer.m"; sourceTree = "<group>"; fileEncoding = 4; };
		957D34445EC94CE597232A4D /* APPEmailComposerImpl.m */ = {isa = PBXFileReference; lastKnownFileType = sourcecode.c.objc; name = "APPEmailComposerImpl.m"; path = "cordova-plugin-email-composer/APPEmailComposerImpl.m"; sourceTree = "<group>"; fileEncoding = 4; };
		B831E5D7F0604112AF18128F /* APPEmailComposer.h */ = {isa = PBXFileReference; lastKnownFileType = sourcecode.c.h; name = "APPEmailComposer.h"; path = "cordova-plugin-email-composer/APPEmailComposer.h"; sourceTree = "<group>"; fileEncoding = 4; };
		2737C8656AD541679A5CBFD5 /* APPEmailComposerImpl.h */ = {isa = PBXFileReference; lastKnownFileType = sourcecode.c.h; name = "APPEmailComposerImpl.h"; path = "cordova-plugin-email-composer/APPEmailComposerImpl.h"; sourceTree = "<group>"; fileEncoding = 4; };
		303B2D4222564647B42B3D1D /* AppDelegate+notification.m */ = {isa = PBXFileReference; lastKnownFileType = sourcecode.c.objc; name = "AppDelegate+notification.m"; path = "com.phonegap.plugins.PushPlugin/AppDelegate+notification.m"; sourceTree = "<group>"; fileEncoding = 4; };
		CD4DCB4D45DF44C4B8AE53D0 /* PushPlugin.m */ = {isa = PBXFileReference; lastKnownFileType = sourcecode.c.objc; name = "PushPlugin.m"; path = "com.phonegap.plugins.PushPlugin/PushPlugin.m"; sourceTree = "<group>"; fileEncoding = 4; };
		B50500622C72441F98571548 /* AppDelegate+notification.h */ = {isa = PBXFileReference; lastKnownFileType = sourcecode.c.h; name = "AppDelegate+notification.h"; path = "com.phonegap.plugins.PushPlugin/AppDelegate+notification.h"; sourceTree = "<group>"; fileEncoding = 4; };
		443515DAC979436390AC4E22 /* PushPlugin.h */ = {isa = PBXFileReference; lastKnownFileType = sourcecode.c.h; name = "PushPlugin.h"; path = "com.phonegap.plugins.PushPlugin/PushPlugin.h"; sourceTree = "<group>"; fileEncoding = 4; };
		1294211A19BA425C87A95D54 /* IonicKeyboard.m */ = {isa = PBXFileReference; lastKnownFileType = sourcecode.c.objc; name = "IonicKeyboard.m"; path = "ionic-plugin-keyboard/IonicKeyboard.m"; sourceTree = "<group>"; fileEncoding = 4; };
		C6F47518F06B447786103E2E /* IonicKeyboard.h */ = {isa = PBXFileReference; lastKnownFileType = sourcecode.c.h; name = "IonicKeyboard.h"; path = "ionic-plugin-keyboard/IonicKeyboard.h"; sourceTree = "<group>"; fileEncoding = 4; };
		FB70C8057AAA4DAC8FF726AA /* CDVSplashScreen.m */ = {isa = PBXFileReference; lastKnownFileType = sourcecode.c.objc; name = "CDVSplashScreen.m"; path = "cordova-plugin-splashscreen/CDVSplashScreen.m"; sourceTree = "<group>"; fileEncoding = 4; };
		55FD756808D04382ABD8ECD3 /* CDVViewController+SplashScreen.m */ = {isa = PBXFileReference; lastKnownFileType = sourcecode.c.objc; name = "CDVViewController+SplashScreen.m"; path = "cordova-plugin-splashscreen/CDVViewController+SplashScreen.m"; sourceTree = "<group>"; fileEncoding = 4; };
		FB6A2DDA48DB4011A684317B /* CDVSplashScreen.h */ = {isa = PBXFileReference; lastKnownFileType = sourcecode.c.h; name = "CDVSplashScreen.h"; path = "cordova-plugin-splashscreen/CDVSplashScreen.h"; sourceTree = "<group>"; fileEncoding = 4; };
		2E294DC33DFC4BC49BE93A7D /* CDVViewController+SplashScreen.h */ = {isa = PBXFileReference; lastKnownFileType = sourcecode.c.h; name = "CDVViewController+SplashScreen.h"; path = "cordova-plugin-splashscreen/CDVViewController+SplashScreen.h"; sourceTree = "<group>"; fileEncoding = 4; };
/* End PBXFileReference section */

/* Begin PBXFrameworksBuildPhase section */
		1D60588F0D05DD3D006BFB54 /* Frameworks */ = {
			isa = PBXFrameworksBuildPhase;
			buildActionMask = 2147483647;
			files = (
				5B1594DD16A7569C00FEF299 /* AssetsLibrary.framework in Frameworks */,
				301BF552109A68D80062928A /* libCordova.a in Frameworks */,
				288765FD0DF74451002DB57D /* CoreGraphics.framework in Frameworks */,
				305D5FD1115AB8F900A74A75 /* MobileCoreServices.framework in Frameworks */,
				A9F03FF2059F46C3882DF05C /* CoreLocation.framework in Frameworks */,
				936FC6FDBD7B41208B2E658A /* AudioToolbox.framework in Frameworks */,
				F113293774384F40989E94F3 /* libCordovaGenericAd.a in Frameworks */,
				B9C9F33E6A17422FACE12E49 /* CFNetwork.framework in Frameworks */,
				A6ABD5423C734CE7A8B3493C /* iAd.framework in Frameworks */,
				0732E51A03FC4DB7B076E9EA /* GoogleMobileAds.framework in Frameworks */,
				DAD8DF9C38924797B21E088A /* AdSupport.framework in Frameworks */,
				6C02EE1D9AA741AF804F9E69 /* AVFoundation.framework in Frameworks */,
				EA7C7437A78A4B81A40DCAE9 /* CoreBluetooth.framework in Frameworks */,
				276FAEAB13414367BF1F7864 /* CoreTelephony.framework in Frameworks */,
				8DBD790336204152ABDBF341 /* EventKit.framework in Frameworks */,
				AEB668D703CF409BAA57A143 /* EventKitUI.framework in Frameworks */,
				B155630F1D364B8BB23EE02C /* Foundation.framework in Frameworks */,
				C988C02448104AF1989D181A /* MediaPlayer.framework in Frameworks */,
				E5B9FE7680A5478F8377A825 /* MessageUI.framework in Frameworks */,
				872D46F43F264D858ACA3B67 /* QuartzCore.framework in Frameworks */,
				92A0DD4B2DB749389D44C8FF /* SafariServices.framework in Frameworks */,
				E0C4D624DFE549F8A4272667 /* StoreKit.framework in Frameworks */,
				F135753E7B4B47A99A373EE8 /* SystemConfiguration.framework in Frameworks */,
				D07D947B725844B7B069C761 /* UIKit.framework in Frameworks */,
			);
			runOnlyForDeploymentPostprocessing = 0;
		};
/* End PBXFrameworksBuildPhase section */

/* Begin PBXGroup section */
		080E96DDFE201D6D7F000001 /* Classes */ = {
			isa = PBXGroup;
			children = (
				302D95EE14D2391D003F00A1 /* MainViewController.h */,
				302D95EF14D2391D003F00A1 /* MainViewController.m */,
				302D95F014D2391D003F00A1 /* MainViewController.xib */,
				1D3623240D0F684500981E51 /* AppDelegate.h */,
				1D3623250D0F684500981E51 /* AppDelegate.m */,
			);
			name = Classes;
			path = "FreePong/Classes";
			sourceTree = SOURCE_ROOT;
		};
		19C28FACFE9D520D11CA2CBB /* Products */ = {
			isa = PBXGroup;
			children = (
				1D6058910D05DD3D006BFB54 /* FreePong.app */,
			);
			name = Products;
			sourceTree = "<group>";
		};
		29B97314FDCFA39411CA2CEA /* CustomTemplate */ = {
			isa = PBXGroup;
			children = (
				EB87FDF41871DAF40020F90C /* config.xml */,
				EB87FDF31871DA8E0020F90C /* www */,
				EB87FDF21871DA7A0020F90C /* merges */,
				EB87FDF11871DA420020F90C /* Staging */,
				301BF52D109A57CC0062928A /* CordovaLib.xcodeproj */,
				080E96DDFE201D6D7F000001 /* Classes */,
				307C750510C5A3420062BCA9 /* Plugins */,
				29B97315FDCFA39411CA2CEA /* Other Sources */,
				29B97317FDCFA39411CA2CEA /* Resources */,
				29B97323FDCFA39411CA2CEA /* Frameworks */,
				19C28FACFE9D520D11CA2CBB /* Products */,
			);
			name = CustomTemplate;
			sourceTree = "<group>";
		};
		29B97315FDCFA39411CA2CEA /* Other Sources */ = {
			isa = PBXGroup;
			children = (
				32CA4F630368D1EE00C91783 /* FreePong-Prefix.pch */,
				29B97316FDCFA39411CA2CEA /* main.m */,
			);
			name = "Other Sources";
			path = "FreePong";
			sourceTree = "<group>";
		};
		29B97317FDCFA39411CA2CEA /* Resources */ = {
			isa = PBXGroup;
			children = (
				308D052D1370CCF300D202BF /* icons */,
				308D05311370CCF300D202BF /* splash */,
				8D1107310486CEB800E47090 /* FreePong-Info.plist */,
				B69CD7F0A8C74982A4BF2F5A /* CDVNotification.bundle */,
				7843B42ADC0146968E203141 /* ELCAlbumPickerController.xib */,
				3BB957F6B423475F9300BB16 /* ELCAssetPicker.xib */,
				4E77F4665C3A4471846248E2 /* ELCAssetTablePicker.xib */,
				7689D183CFEA4727A3F45104 /* Overlay.png */,
				227E6C6A7E5D4603A07CA454 /* Overlay@2x.png */,
			);
			name = Resources;
			path = "FreePong/Resources";
			sourceTree = "<group>";
		};
		29B97323FDCFA39411CA2CEA /* Frameworks */ = {
			isa = PBXGroup;
			children = (
				5B1594DC16A7569C00FEF299 /* AssetsLibrary.framework */,
				288765FC0DF74451002DB57D /* CoreGraphics.framework */,
				305D5FD0115AB8F900A74A75 /* MobileCoreServices.framework */,
				6E4B2756E25D4FD69B79C823 /* CoreLocation.framework */,
				EEF91EC463234B07B620BF74 /* AudioToolbox.framework */,
				583E57783C7446BCB56754E3 /* libCordovaGenericAd.a */,
				E9B129BFE1CB4AF79C9BC9E5 /* CFNetwork.framework */,
				27C8E743B6F04513ACCC3E32 /* iAd.framework */,
				8824701D09B8421D93F4EE38 /* GoogleMobileAds.framework */,
				AE11DC8EF64D41BC98BCB96B /* AdSupport.framework */,
				75C2A0FA04994843A62CC3E5 /* AVFoundation.framework */,
				280E0897DBC247A2997DE46D /* CoreBluetooth.framework */,
				4ACC3BCE0CF24AE6939AAE1C /* CoreTelephony.framework */,
				6B5396DBD903412997BE2C4E /* EventKit.framework */,
				A6681EF75F474DAE8846F78C /* EventKitUI.framework */,
				9AB3638B7DC547569EB819A6 /* Foundation.framework */,
				777BE28DC93B4F948BA9754F /* MediaPlayer.framework */,
				4826351BB4634CB18748A60E /* MessageUI.framework */,
				4D1CA32F2581407AB3E06AED /* QuartzCore.framework */,
				4136E6EA86774DF282B5B4FA /* SafariServices.framework */,
				022BF8A315A743AEB343FE7B /* StoreKit.framework */,
				F76B3B52F5AD47CE970543AA /* SystemConfiguration.framework */,
				B9CFBA0564344E69896FBD3E /* UIKit.framework */,
			);
			name = Frameworks;
			sourceTree = "<group>";
		};
		301BF52E109A57CC0062928A /* Products */ = {
			isa = PBXGroup;
			children = (
				301BF535109A57CC0062928A /* libCordova.a */,
			);
			name = Products;
			sourceTree = "<group>";
		};
		307C750510C5A3420062BCA9 /* Plugins */ = {
			isa = PBXGroup;
			children = (
				A1A98D515BB14D96B16B2164 /* CDVLocation.m */,
				30B5611195AA4E7E80533446 /* CDVLocation.h */,
				63A4CB9E98684304AFFEE423 /* CDVLogger.m */,
				81E25898B6414AE39517B9BC /* CDVLogger.h */,
				6CB829BA8A1945C795EDDCE7 /* CDVDevice.m */,
				9AA0FFF0EE184FD1BA08B669 /* CDVDevice.h */,
				EFBCEB71DDE7410CB9A4CD9E /* CDVNotification.m */,
				3118A8D011974ABC96EC1DA4 /* CDVNotification.h */,
				169CB1A662624CD8813F7BB1 /* CDVGlobalization.m */,
				A68ED56DDDBC4FD8B24FBF72 /* CDVGlobalization.h */,
				9081410B8C14430E8CFA1517 /* CDVPluginExt.m */,
				73618C3970EA492D9182A928 /* PluginAdapterDelegate.h */,
				B1A012EE04904C809832234A /* CDVPluginExt.h */,
				7FD090C7CEF449FCAEE9CF4E /* GenericAdPlugin.h */,
				7FBB821DCF7C4C259597F278 /* SOSPicker.m */,
				35B9252C992D4C6E9515EDD1 /* ELCAlbumPickerController.m */,
				2D3B4D5186414066B95AD960 /* ELCAsset.m */,
				B1DB73BC6179439EAF3DBFBE /* ELCAssetCell.m */,
				BAEAA189F4ED4968A0AB4689 /* ELCAssetTablePicker.m */,
				CDD46F2A11354F20A745C8F6 /* ELCImagePickerController.m */,
				2EBBD9A18A0848B08D73F3D5 /* SOSPicker.h */,
				25C2E8642A9441E49F785BFE /* ELCAlbumPickerController.h */,
				9CE547E75F094FFEB47D08A2 /* ELCAsset.h */,
				5B29293F641C4FD5848F93D4 /* ELCAssetCell.h */,
				135720A45D3E4422B3BA7EE2 /* ELCAssetPickerFilterDelegate.h */,
				B21C11B76BD0444F89228614 /* ELCAssetSelectionDelegate.h */,
				2FB82427359E45CCBB6E66D2 /* ELCAssetTablePicker.h */,
				CEE45D7EF0CA4E23B8A5BE38 /* ELCImagePickerController.h */,
				812F659C7B854BF3A1196C77 /* CDVInAppBrowser.m */,
				3F6B538E87D844799D591D73 /* CDVInAppBrowser.h */,
				75FA4294BFDB4046B767EBD8 /* iAdPlugin.m */,
				AFA052F7E30E4634921B1F8E /* iAdPlugin.h */,
				320FF1E959A84DDA8FFEFB29 /* CDVAdMobPlugin.m */,
				7AC9804804EC434EA7422A6E /* AdMobMediation.m */,
				7B6BE51346604E29812D776A /* CDVAdMobPlugin.h */,
				006D0D262575462EBD7CADC6 /* AdMobMediation.h */,
				3B621EF3EBF54087A79A523E /* APPEmailComposer.m */,
				957D34445EC94CE597232A4D /* APPEmailComposerImpl.m */,
				B831E5D7F0604112AF18128F /* APPEmailComposer.h */,
				2737C8656AD541679A5CBFD5 /* APPEmailComposerImpl.h */,
				303B2D4222564647B42B3D1D /* AppDelegate+notification.m */,
				CD4DCB4D45DF44C4B8AE53D0 /* PushPlugin.m */,
				B50500622C72441F98571548 /* AppDelegate+notification.h */,
				443515DAC979436390AC4E22 /* PushPlugin.h */,
				1294211A19BA425C87A95D54 /* IonicKeyboard.m */,
				C6F47518F06B447786103E2E /* IonicKeyboard.h */,
				FB70C8057AAA4DAC8FF726AA /* CDVSplashScreen.m */,
				55FD756808D04382ABD8ECD3 /* CDVViewController+SplashScreen.m */,
				FB6A2DDA48DB4011A684317B /* CDVSplashScreen.h */,
				2E294DC33DFC4BC49BE93A7D /* CDVViewController+SplashScreen.h */,
			);
			name = Plugins;
			path = "FreePong/Plugins";
			sourceTree = SOURCE_ROOT;
		};
		308D052D1370CCF300D202BF /* icons */ = {
			isa = PBXGroup;
			children = (
				30C1856519D5FC0A00212699 /* icon-60@3x.png */,
				7E7966D41810823500FA85AD /* icon-40.png */,
				7E7966D51810823500FA85AD /* icon-40@2x.png */,
				7E7966D61810823500FA85AD /* icon-50.png */,
				7E7966D71810823500FA85AD /* icon-50@2x.png */,
				7E7966D81810823500FA85AD /* icon-60.png */,
				7E7966D91810823500FA85AD /* icon-60@2x.png */,
				7E7966DA1810823500FA85AD /* icon-76.png */,
				7E7966DB1810823500FA85AD /* icon-76@2x.png */,
				7E7966DC1810823500FA85AD /* icon-small.png */,
				7E7966DD1810823500FA85AD /* icon-small@2x.png */,
				30FC414816E50CA1004E6F35 /* icon-72@2x.png */,
				308D052E1370CCF300D202BF /* icon-72.png */,
				308D052F1370CCF300D202BF /* icon.png */,
				308D05301370CCF300D202BF /* icon@2x.png */,
			);
			path = icons;
			sourceTree = "<group>";
		};
		308D05311370CCF300D202BF /* splash */ = {
			isa = PBXGroup;
			children = (
				30B4F2FD19D5E07200D9F7D8 /* Default-667h.png */,
				30B4F2FE19D5E07200D9F7D8 /* Default-736h.png */,
				30B4F2FF19D5E07200D9F7D8 /* Default-Landscape-736h.png */,
				D4A0D8751607E02300AEF8BB /* Default-568h@2x~iphone.png */,
				3088BBB7154F3926009F9C59 /* Default-Landscape@2x~ipad.png */,
				3088BBB8154F3926009F9C59 /* Default-Landscape~ipad.png */,
				3088BBB9154F3926009F9C59 /* Default-Portrait@2x~ipad.png */,
				3088BBBA154F3926009F9C59 /* Default-Portrait~ipad.png */,
				3088BBBB154F3926009F9C59 /* Default@2x~iphone.png */,
				3088BBBC154F3926009F9C59 /* Default~iphone.png */,
			);
			path = splash;
			sourceTree = "<group>";
		};
		EB87FDF11871DA420020F90C /* Staging */ = {
			isa = PBXGroup;
			children = (
				F840E1F0165FE0F500CFE078 /* config.xml */,
				301BF56E109A69640062928A /* www */,
			);
			name = Staging;
			sourceTree = "<group>";
		};
/* End PBXGroup section */

/* Begin PBXNativeTarget section */
		1D6058900D05DD3D006BFB54 /* FreePong */ = {
			isa = PBXNativeTarget;
			buildConfigurationList = 1D6058960D05DD3E006BFB54 /* Build configuration list for PBXNativeTarget "FreePong" */;
			buildPhases = (
				304B58A110DAC018002A0835 /* Copy www directory */,
				1D60588D0D05DD3D006BFB54 /* Resources */,
				1D60588E0D05DD3D006BFB54 /* Sources */,
				1D60588F0D05DD3D006BFB54 /* Frameworks */,
			);
			buildRules = (
			);
			dependencies = (
				301BF551109A68C00062928A /* PBXTargetDependency */,
			);
			name = "FreePong";
			productName = "FreePong";
			productReference = 1D6058910D05DD3D006BFB54 /* FreePong.app */;
			productType = "com.apple.product-type.application";
		};
/* End PBXNativeTarget section */

/* Begin PBXProject section */
		29B97313FDCFA39411CA2CEA /* Project object */ = {
			isa = PBXProject;
			attributes = {
				LastUpgradeCheck = 510;
			};
			buildConfigurationList = C01FCF4E08A954540054247B /* Build configuration list for PBXProject "__CLI__" */;
			compatibilityVersion = "Xcode 3.2";
			developmentRegion = English;
			hasScannedForEncodings = 1;
			knownRegions = (
				English,
				Japanese,
				French,
				German,
				en,
				es,
				de,
				se,
			);
			mainGroup = 29B97314FDCFA39411CA2CEA /* CustomTemplate */;
			projectDirPath = "";
			projectReferences = (
				{
					ProductGroup = 301BF52E109A57CC0062928A /* Products */;
					ProjectRef = 301BF52D109A57CC0062928A /* CordovaLib.xcodeproj */;
				},
			);
			projectRoot = "";
			targets = (
				1D6058900D05DD3D006BFB54 /* FreePong */,
			);
		};
/* End PBXProject section */

/* Begin PBXReferenceProxy section */
		301BF535109A57CC0062928A /* libCordova.a */ = {
			isa = PBXReferenceProxy;
			fileType = archive.ar;
			path = libCordova.a;
			remoteRef = 301BF534109A57CC0062928A /* PBXContainerItemProxy */;
			sourceTree = BUILT_PRODUCTS_DIR;
		};
/* End PBXReferenceProxy section */

/* Begin PBXResourcesBuildPhase section */
		1D60588D0D05DD3D006BFB54 /* Resources */ = {
			isa = PBXResourcesBuildPhase;
			buildActionMask = 2147483647;
			files = (
				7E7966E41810823500FA85AD /* icon-76.png in Resources */,
				7E7966DF1810823500FA85AD /* icon-40@2x.png in Resources */,
				308D05371370CCF300D202BF /* icon-72.png in Resources */,
				30B4F30119D5E07200D9F7D8 /* Default-736h.png in Resources */,
				308D05381370CCF300D202BF /* icon.png in Resources */,
				308D05391370CCF300D202BF /* icon@2x.png in Resources */,
				302D95F214D2391D003F00A1 /* MainViewController.xib in Resources */,
				7E7966E01810823500FA85AD /* icon-50.png in Resources */,
				7E7966E31810823500FA85AD /* icon-60@2x.png in Resources */,
				7E7966E61810823500FA85AD /* icon-small.png in Resources */,
				3088BBBD154F3926009F9C59 /* Default-Landscape@2x~ipad.png in Resources */,
				3088BBBE154F3926009F9C59 /* Default-Landscape~ipad.png in Resources */,
				3088BBBF154F3926009F9C59 /* Default-Portrait@2x~ipad.png in Resources */,
				7E7966E71810823500FA85AD /* icon-small@2x.png in Resources */,
				3088BBC0154F3926009F9C59 /* Default-Portrait~ipad.png in Resources */,
				30B4F30019D5E07200D9F7D8 /* Default-667h.png in Resources */,
				7E7966DE1810823500FA85AD /* icon-40.png in Resources */,
				3088BBC1154F3926009F9C59 /* Default@2x~iphone.png in Resources */,
				7E7966E21810823500FA85AD /* icon-60.png in Resources */,
				3088BBC2154F3926009F9C59 /* Default~iphone.png in Resources */,
				D4A0D8761607E02300AEF8BB /* Default-568h@2x~iphone.png in Resources */,
				30B4F30219D5E07200D9F7D8 /* Default-Landscape-736h.png in Resources */,
				30C1856619D5FC0A00212699 /* icon-60@3x.png in Resources */,
				7E7966E11810823500FA85AD /* icon-50@2x.png in Resources */,
				7E7966E51810823500FA85AD /* icon-76@2x.png in Resources */,
				30FC414916E50CA1004E6F35 /* icon-72@2x.png in Resources */,
				259C7D2AB1EB48CBABC991BA /* CDVNotification.bundle in Resources */,
				85D2728609114E4F8CE3984C /* ELCAlbumPickerController.xib in Resources */,
				D3E19B31F6E44435B9E0402A /* ELCAssetPicker.xib in Resources */,
				49476D6A4C45495E9C2D65EC /* ELCAssetTablePicker.xib in Resources */,
				2EB3D3A141224A0AB4E2D0A6 /* Overlay.png in Resources */,
				41290E7A87C847CAB79C857C /* Overlay@2x.png in Resources */,
			);
			runOnlyForDeploymentPostprocessing = 0;
		};
/* End PBXResourcesBuildPhase section */

/* Begin PBXShellScriptBuildPhase section */
		304B58A110DAC018002A0835 /* Copy www directory */ = {
			isa = PBXShellScriptBuildPhase;
			buildActionMask = 2147483647;
			files = (
			);
			inputPaths = (
			);
			name = "Copy www directory";
			outputPaths = (
			);
			runOnlyForDeploymentPostprocessing = 0;
			shellPath = /bin/sh;
			shellScript = "cordova/lib/copy-www-build-step.sh";
			showEnvVarsInLog = 0;
		};
/* End PBXShellScriptBuildPhase section */

/* Begin PBXSourcesBuildPhase section */
		1D60588E0D05DD3D006BFB54 /* Sources */ = {
			isa = PBXSourcesBuildPhase;
			buildActionMask = 2147483647;
			files = (
				1D60589B0D05DD56006BFB54 /* main.m in Sources */,
				1D3623260D0F684500981E51 /* AppDelegate.m in Sources */,
				302D95F114D2391D003F00A1 /* MainViewController.m in Sources */,
				C62DC9DD78F2456DB0C6E298 /* CDVLocation.m in Sources */,
				0862D694BB7341C7A94AA9A3 /* CDVLogger.m in Sources */,
				45D0964F6CCE4B6DB3FD81E3 /* CDVDevice.m in Sources */,
				E1B3964ADF5D44F3932AF352 /* CDVNotification.m in Sources */,
				3D34C601F3644DD79E6079FE /* CDVGlobalization.m in Sources */,
				44ECC063E6DA46EEA010D7EE /* CDVPluginExt.m in Sources */,
				9CE0061209824321A2C1100E /* SOSPicker.m in Sources */,
				1CBAAC11FD394205BC4EF20D /* ELCAlbumPickerController.m in Sources */,
				F7C346548EC341679B78064A /* ELCAsset.m in Sources */,
				5FD5B25B04104CB689B03446 /* ELCAssetCell.m in Sources */,
				DBE2C4D8F8E74DBAA9918649 /* ELCAssetTablePicker.m in Sources */,
				59D1BFCF781647C18238CD87 /* ELCImagePickerController.m in Sources */,
				F4A5799D3D01448A8E70F817 /* CDVInAppBrowser.m in Sources */,
				54962C9B3C5E4F9EA2442415 /* iAdPlugin.m in Sources */,
				B0984CE9A9E3430295B1C265 /* CDVAdMobPlugin.m in Sources */,
				DD08F14DE4B747F5A9ED34A6 /* AdMobMediation.m in Sources */,
				7ED31ACCBBE043D983EF1F0E /* APPEmailComposer.m in Sources */,
				10082469EC534FA2A7518FC0 /* APPEmailComposerImpl.m in Sources */,
				DF58DDD44716427DB6850A5F /* AppDelegate+notification.m in Sources */,
				A3425B879DC34AB1B68DC1CF /* PushPlugin.m in Sources */,
				C9262175B9A9456CA3C81E75 /* IonicKeyboard.m in Sources */,
				2721C5D9A70B40879D066E77 /* CDVSplashScreen.m in Sources */,
				9461AD87B86C4D48AD53352B /* CDVViewController+SplashScreen.m in Sources */,
			);
			runOnlyForDeploymentPostprocessing = 0;
		};
/* End PBXSourcesBuildPhase section */

/* Begin PBXTargetDependency section */
		301BF551109A68C00062928A /* PBXTargetDependency */ = {
			isa = PBXTargetDependency;
			name = CordovaLib;
			targetProxy = 301BF550109A68C00062928A /* PBXContainerItemProxy */;
		};
/* End PBXTargetDependency section */

/* Begin XCBuildConfiguration section */
		1D6058940D05DD3E006BFB54 /* Debug */ = {
			isa = XCBuildConfiguration;
			buildSettings = {
				ALWAYS_SEARCH_USER_PATHS = NO;
				CLANG_ENABLE_OBJC_ARC = YES;
				COPY_PHASE_STRIP = NO;
				GCC_DYNAMIC_NO_PIC = NO;
				GCC_OPTIMIZATION_LEVEL = 0;
				GCC_PRECOMPILE_PREFIX_HEADER = YES;
				GCC_PREFIX_HEADER = "FreePong/FreePong-Prefix.pch";
				GCC_THUMB_SUPPORT = NO;
				GCC_VERSION = "";
				INFOPLIST_FILE = "FreePong/FreePong-Info.plist";
				IPHONEOS_DEPLOYMENT_TARGET = 6.0;
				OTHER_LDFLAGS = (
					"-weak_framework",
					CoreFoundation,
					"-weak_framework",
					UIKit,
					"-weak_framework",
					AVFoundation,
					"-weak_framework",
					CoreMedia,
					"-weak-lSystem",
					"-ObjC",
				);
				PRODUCT_NAME = "FreePong";
				TARGETED_DEVICE_FAMILY = "1,2";
				LIBRARY_SEARCH_PATHS = (
					"$(inherited)",
					"\"$(SRCROOT)/FreePong/Plugins/cordova-plugin-extension\"",
				);
				FRAMEWORK_SEARCH_PATHS = (
					"$(inherited)",
					"\"FreePong/Plugins/cordova-plugin-admobpro\"",
				);
			};
			name = Debug;
		};
		1D6058950D05DD3E006BFB54 /* Release */ = {
			isa = XCBuildConfiguration;
			buildSettings = {
				ALWAYS_SEARCH_USER_PATHS = NO;
				CLANG_ENABLE_OBJC_ARC = YES;
				COPY_PHASE_STRIP = YES;
				GCC_PRECOMPILE_PREFIX_HEADER = YES;
				GCC_PREFIX_HEADER = "FreePong/FreePong-Prefix.pch";
				GCC_THUMB_SUPPORT = NO;
				GCC_VERSION = "";
				INFOPLIST_FILE = "FreePong/FreePong-Info.plist";
				IPHONEOS_DEPLOYMENT_TARGET = 6.0;
				OTHER_LDFLAGS = (
					"-weak_framework",
					CoreFoundation,
					"-weak_framework",
					UIKit,
					"-weak_framework",
					AVFoundation,
					"-weak_framework",
					CoreMedia,
					"-weak-lSystem",
					"-ObjC",
				);
				PRODUCT_NAME = "FreePong";
				TARGETED_DEVICE_FAMILY = "1,2";
				LIBRARY_SEARCH_PATHS = (
					"$(inherited)",
					"\"$(SRCROOT)/FreePong/Plugins/cordova-plugin-extension\"",
				);
				FRAMEWORK_SEARCH_PATHS = (
					"$(inherited)",
					"\"FreePong/Plugins/cordova-plugin-admobpro\"",
				);
			};
			name = Release;
		};
		C01FCF4F08A954540054247B /* Debug */ = {
			isa = XCBuildConfiguration;
			buildSettings = {
				CLANG_ENABLE_OBJC_ARC = YES;
				CLANG_WARN_BOOL_CONVERSION = YES;
				CLANG_WARN_CONSTANT_CONVERSION = YES;
				CLANG_WARN_EMPTY_BODY = YES;
				CLANG_WARN_ENUM_CONVERSION = YES;
				CLANG_WARN_INT_CONVERSION = YES;
				CLANG_WARN__DUPLICATE_METHOD_MATCH = YES;
				"CODE_SIGN_IDENTITY[sdk=iphoneos*]" = "iPhone Developer";
				GCC_C_LANGUAGE_STANDARD = c99;
				GCC_THUMB_SUPPORT = NO;
				GCC_VERSION = "";
				GCC_WARN_ABOUT_RETURN_TYPE = YES;
				GCC_WARN_UNDECLARED_SELECTOR = YES;
				GCC_WARN_UNINITIALIZED_AUTOS = YES;
				GCC_WARN_UNUSED_FUNCTION = YES;
				GCC_WARN_UNUSED_VARIABLE = YES;
				HEADER_SEARCH_PATHS = (
					"\"$(TARGET_BUILD_DIR)/usr/local/lib/include\"",
					"\"$(OBJROOT)/UninstalledProducts/include\"",
					"\"$(BUILT_PRODUCTS_DIR)\"",
				);
				IPHONEOS_DEPLOYMENT_TARGET = 6.0;
				ONLY_ACTIVE_ARCH = YES;
				OTHER_LDFLAGS = (
					"-weak_framework",
					CoreFoundation,
					"-weak_framework",
					UIKit,
					"-weak_framework",
					AVFoundation,
					"-weak_framework",
					CoreMedia,
					"-weak-lSystem",
					"-ObjC",
				);
				SDKROOT = iphoneos;
				SKIP_INSTALL = NO;
				USER_HEADER_SEARCH_PATHS = "";
			};
			name = Debug;
		};
		C01FCF5008A954540054247B /* Release */ = {
			isa = XCBuildConfiguration;
			buildSettings = {
				CLANG_ENABLE_OBJC_ARC = YES;
				CLANG_WARN_BOOL_CONVERSION = YES;
				CLANG_WARN_CONSTANT_CONVERSION = YES;
				CLANG_WARN_EMPTY_BODY = YES;
				CLANG_WARN_ENUM_CONVERSION = YES;
				CLANG_WARN_INT_CONVERSION = YES;
				CLANG_WARN__DUPLICATE_METHOD_MATCH = YES;
				"CODE_SIGN_IDENTITY[sdk=iphoneos*]" = "iPhone Developer";
				GCC_C_LANGUAGE_STANDARD = c99;
				GCC_THUMB_SUPPORT = NO;
				GCC_VERSION = "";
				GCC_WARN_ABOUT_RETURN_TYPE = YES;
				GCC_WARN_UNDECLARED_SELECTOR = YES;
				GCC_WARN_UNINITIALIZED_AUTOS = YES;
				GCC_WARN_UNUSED_FUNCTION = YES;
				GCC_WARN_UNUSED_VARIABLE = YES;
				HEADER_SEARCH_PATHS = (
					"\"$(TARGET_BUILD_DIR)/usr/local/lib/include\"",
					"\"$(OBJROOT)/UninstalledProducts/include\"",
					"\"$(BUILT_PRODUCTS_DIR)\"",
				);
				IPHONEOS_DEPLOYMENT_TARGET = 6.0;
				OTHER_LDFLAGS = (
					"-weak_framework",
					CoreFoundation,
					"-weak_framework",
					UIKit,
					"-weak_framework",
					AVFoundation,
					"-weak_framework",
					CoreMedia,
					"-weak-lSystem",
					"-ObjC",
				);
				SDKROOT = iphoneos;
				SKIP_INSTALL = NO;
				USER_HEADER_SEARCH_PATHS = "";
			};
			name = Release;
		};
/* End XCBuildConfiguration section */

/* Begin XCConfigurationList section */
		1D6058960D05DD3E006BFB54 /* Build configuration list for PBXNativeTarget "FreePong" */ = {
			isa = XCConfigurationList;
			buildConfigurations = (
				1D6058940D05DD3E006BFB54 /* Debug */,
				1D6058950D05DD3E006BFB54 /* Release */,
			);
			defaultConfigurationIsVisible = 0;
			defaultConfigurationName = Release;
		};
		C01FCF4E08A954540054247B /* Build configuration list for PBXProject "__CLI__" */ = {
			isa = XCConfigurationList;
			buildConfigurations = (
				C01FCF4F08A954540054247B /* Debug */,
				C01FCF5008A954540054247B /* Release */,
			);
			defaultConfigurationIsVisible = 0;
			defaultConfigurationName = Release;
		};
/* End XCConfigurationList section */
	};
	rootObject = 29B97313FDCFA39411CA2CEA /* Project object */;
}
